
Microsoft Visual Studio Solution File, Format Version 12.00
# Visual Studio 2013
VisualStudioVersion = 12.0.21005.1
MinimumVisualStudioVersion = 10.0.40219.1
Project("{2150E333-8FDC-42A3-9474-1A3956D46DE8}") = ".nuget", ".nuget", "{9F39E785-EBE2-4953-9ED7-75B214B49D62}"
	ProjectSection(SolutionItems) = preProject
		.nuget\NuGet.Config = .nuget\NuGet.Config
		.nuget\NuGet.exe = .nuget\NuGet.exe
		.nuget\NuGet.targets = .nuget\NuGet.targets
	EndProjectSection
EndProject
Project("{2150E333-8FDC-42A3-9474-1A3956D46DE8}") = ".build", ".build", "{A996BBF4-F3B3-42F6-97D6-20C38CDA7610}"
	ProjectSection(SolutionItems) = preProject
		.build\package.ps1 = .build\package.ps1
	EndProjectSection
EndProject
Project("{FAE04EC0-301F-11D3-BF4B-00C04F79EFBC}") = "Enexure.Fire.Tests", "Enexure.Fire.Tests\Enexure.Fire.Tests.csproj", "{48DD9B9D-9DF1-492D-87C0-D74AF4886B3E}"
EndProject
Project("{FAE04EC0-301F-11D3-BF4B-00C04F79EFBC}") = "Enexure.Fire.Configuration", "Enexure.Fire.Configuration\Enexure.Fire.Configuration.csproj", "{1F09849B-A012-4BD6-B97F-89AAF5D72B53}"
EndProject
Global
	GlobalSection(SolutionConfigurationPlatforms) = preSolution
		Debug|Any CPU = Debug|Any CPU
		Release|Any CPU = Release|Any CPU
	EndGlobalSection
	GlobalSection(ProjectConfigurationPlatforms) = postSolution
		{A774C389-6154-42D2-B716-7F9CFC16E94D}.Debug|Any CPU.ActiveCfg = Debug|Any CPU
		{A774C389-6154-42D2-B716-7F9CFC16E94D}.Debug|Any CPU.Build.0 = Debug|Any CPU
		{A774C389-6154-42D2-B716-7F9CFC16E94D}.Release|Any CPU.ActiveCfg = Release|Any CPU
		{A774C389-6154-42D2-B716-7F9CFC16E94D}.Release|Any CPU.Build.0 = Release|Any CPU
		{48DD9B9D-9DF1-492D-87C0-D74AF4886B3E}.Debug|Any CPU.ActiveCfg = Debug|Any CPU
		{48DD9B9D-9DF1-492D-87C0-D74AF4886B3E}.Debug|Any CPU.Build.0 = Debug|Any CPU
		{48DD9B9D-9DF1-492D-87C0-D74AF4886B3E}.Release|Any CPU.ActiveCfg = Release|Any CPU
		{48DD9B9D-9DF1-492D-87C0-D74AF4886B3E}.Release|Any CPU.Build.0 = Release|Any CPU
		{1F09849B-A012-4BD6-B97F-89AAF5D72B53}.Debug|Any CPU.ActiveCfg = Debug|Any CPU
		{1F09849B-A012-4BD6-B97F-89AAF5D72B53}.Debug|Any CPU.Build.0 = Debug|Any CPU
		{1F09849B-A012-4BD6-B97F-89AAF5D72B53}.Release|Any CPU.ActiveCfg = Release|Any CPU
		{1F09849B-A012-4BD6-B97F-89AAF5D72B53}.Release|Any CPU.Build.0 = Release|Any CPU
	EndGlobalSection
	GlobalSection(SolutionProperties) = preSolution
		HideSolutionNode = FALSE
	EndGlobalSection
EndGlobal
